// !$*UTF8*$!
{
	archiveVersion = 1;
	classes = {
	};
	objectVersion = 48;
	objects = {

/* Begin PBXBuildFile section */
		6E1A526E1FB893B100F9CAFC /* MotorcycleMaintenanceTableViewController.swift in Sources */ = {isa = PBXBuildFile; fileRef = 6E1A526D1FB893B100F9CAFC /* MotorcycleMaintenanceTableViewController.swift */; };
		6E22E4411FB4B1B100BB3C3E /* libsqlite3.tbd in Frameworks */ = {isa = PBXBuildFile; fileRef = 6E22E4401FB4B1B100BB3C3E /* libsqlite3.tbd */; };
		6E57E5B3206A991A0004A337 /* CompleteTaskViewController.swift in Sources */ = {isa = PBXBuildFile; fileRef = 6E57E5B2206A991A0004A337 /* CompleteTaskViewController.swift */; };
		6E698C87200529DD00C48722 /* AddMotorcycleMaintanceViewController.swift in Sources */ = {isa = PBXBuildFile; fileRef = 6E698C86200529DD00C48722 /* AddMotorcycleMaintanceViewController.swift */; };
		6EC00B541FC35C6D000A555D /* MotorcycleMaintenanceTaskTableViewController.swift in Sources */ = {isa = PBXBuildFile; fileRef = 6EC00B531FC35C6D000A555D /* MotorcycleMaintenanceTaskTableViewController.swift */; };
		6EC0A7DA1FC8720900A3CBFE /* CDImporter.swift in Sources */ = {isa = PBXBuildFile; fileRef = 6EC0A7D91FC8720900A3CBFE /* CDImporter.swift */; };
		6EC0A7DC1FC889DA00A3CBFE /* CDOperation.swift in Sources */ = {isa = PBXBuildFile; fileRef = 6EC0A7DB1FC889DA00A3CBFE /* CDOperation.swift */; };
		6EE0DEC8207A8C990090B844 /* CompleteTaskDelegate.swift in Sources */ = {isa = PBXBuildFile; fileRef = 6EE0DEC7207A8C990090B844 /* CompleteTaskDelegate.swift */; };
		6EE842611FC89AC20025A8D6 /* DefaultData.sqlite in Resources */ = {isa = PBXBuildFile; fileRef = 6EE842601FC89AC20025A8D6 /* DefaultData.sqlite */; };
		6EE842631FC89F640025A8D6 /* tasks.json in Resources */ = {isa = PBXBuildFile; fileRef = 6EE842621FC89F640025A8D6 /* tasks.json */; };
		9B4078931F93BDC6006C3B70 /* AppDelegate.swift in Sources */ = {isa = PBXBuildFile; fileRef = 9B4078921F93BDC6006C3B70 /* AppDelegate.swift */; };
		9B4078951F93BDC6006C3B70 /* FirstViewController.swift in Sources */ = {isa = PBXBuildFile; fileRef = 9B4078941F93BDC6006C3B70 /* FirstViewController.swift */; };
		9B4078971F93BDC6006C3B70 /* SecondViewController.swift in Sources */ = {isa = PBXBuildFile; fileRef = 9B4078961F93BDC6006C3B70 /* SecondViewController.swift */; };
		9B40789A1F93BDC6006C3B70 /* Main.storyboard in Resources */ = {isa = PBXBuildFile; fileRef = 9B4078981F93BDC6006C3B70 /* Main.storyboard */; };
		9B40789C1F93BDC6006C3B70 /* Assets.xcassets in Resources */ = {isa = PBXBuildFile; fileRef = 9B40789B1F93BDC6006C3B70 /* Assets.xcassets */; };
		9B40789F1F93BDC6006C3B70 /* LaunchScreen.storyboard in Resources */ = {isa = PBXBuildFile; fileRef = 9B40789D1F93BDC6006C3B70 /* LaunchScreen.storyboard */; };
		9B4078AA1F93BDC6006C3B70 /* MotorcycleMaitenanceTests.swift in Sources */ = {isa = PBXBuildFile; fileRef = 9B4078A91F93BDC6006C3B70 /* MotorcycleMaitenanceTests.swift */; };
		9B4078B51F93BDC6006C3B70 /* MotorcycleMaitenanceUITests.swift in Sources */ = {isa = PBXBuildFile; fileRef = 9B4078B41F93BDC6006C3B70 /* MotorcycleMaitenanceUITests.swift */; };
		9B4078C41F93BDF5006C3B70 /* CoreData.framework in Frameworks */ = {isa = PBXBuildFile; fileRef = 9B4078C31F93BDF4006C3B70 /* CoreData.framework */; };
		9B6EA2541FC9F0DE009AB1FA /* motorcycleTypes.json in Resources */ = {isa = PBXBuildFile; fileRef = 9B6EA2531FC9F0DE009AB1FA /* motorcycleTypes.json */; };
		9B6EA2561FCADCF4009AB1FA /* motorcycles.json in Resources */ = {isa = PBXBuildFile; fileRef = 9B6EA2551FCADCF4009AB1FA /* motorcycles.json */; };
		9B6EA2581FCAE8F2009AB1FA /* motorcycleMaintenances.json in Resources */ = {isa = PBXBuildFile; fileRef = 9B6EA2571FCAE8F2009AB1FA /* motorcycleMaintenances.json */; };
		9B6EA25A1FCB3AB5009AB1FA /* motorcycleMaintenanceTasks.json in Resources */ = {isa = PBXBuildFile; fileRef = 9B6EA2591FCB3AB5009AB1FA /* motorcycleMaintenanceTasks.json */; };
		9B6EA25C1FCB3BFC009AB1FA /* motorcycleTypeMaintenanceTasks.json in Resources */ = {isa = PBXBuildFile; fileRef = 9B6EA25B1FCB3BFC009AB1FA /* motorcycleTypeMaintenanceTasks.json */; };
		9BC8D7C61F93F0D800DA1989 /* Model.xcdatamodeld in Sources */ = {isa = PBXBuildFile; fileRef = 9BC8D7C41F93F0D800DA1989 /* Model.xcdatamodeld */; };
		9BCA8E541FAE0B51000D8311 /* MotorcycleTableViewController.swift in Sources */ = {isa = PBXBuildFile; fileRef = 9BCA8E531FAE0B51000D8311 /* MotorcycleTableViewController.swift */; };
		9BCA8E561FAE0BAC000D8311 /* CDTableViewController.swift in Sources */ = {isa = PBXBuildFile; fileRef = 9BCA8E551FAE0BAC000D8311 /* CDTableViewController.swift */; };
		9BCA8E591FAE0C61000D8311 /* CDHelper.swift in Sources */ = {isa = PBXBuildFile; fileRef = 9BCA8E581FAE0C60000D8311 /* CDHelper.swift */; };
		9BCA8E5B1FAE1A5F000D8311 /* CDMigration.swift in Sources */ = {isa = PBXBuildFile; fileRef = 9BCA8E5A1FAE1A5F000D8311 /* CDMigration.swift */; };
		9BCA8E5D1FAE1B30000D8311 /* MigrationVC.swift in Sources */ = {isa = PBXBuildFile; fileRef = 9BCA8E5C1FAE1B2F000D8311 /* MigrationVC.swift */; };
/* End PBXBuildFile section */

/* Begin PBXContainerItemProxy section */
		9B4078A61F93BDC6006C3B70 /* PBXContainerItemProxy */ = {
			isa = PBXContainerItemProxy;
			containerPortal = 9B4078871F93BDC6006C3B70 /* Project object */;
			proxyType = 1;
			remoteGlobalIDString = 9B40788E1F93BDC6006C3B70;
			remoteInfo = MotorcycleMaitenance;
		};
		9B4078B11F93BDC6006C3B70 /* PBXContainerItemProxy */ = {
			isa = PBXContainerItemProxy;
			containerPortal = 9B4078871F93BDC6006C3B70 /* Project object */;
			proxyType = 1;
			remoteGlobalIDString = 9B40788E1F93BDC6006C3B70;
			remoteInfo = MotorcycleMaitenance;
		};
/* End PBXContainerItemProxy section */

/* Begin PBXFileReference section */
		6E07CC971FC7258E009C3913 /* Model 3.xcdatamodel */ = {isa = PBXFileReference; lastKnownFileType = wrapper.xcdatamodel; path = "Model 3.xcdatamodel"; sourceTree = "<group>"; };
		6E1A526D1FB893B100F9CAFC /* MotorcycleMaintenanceTableViewController.swift */ = {isa = PBXFileReference; fileEncoding = 4; lastKnownFileType = sourcecode.swift; path = MotorcycleMaintenanceTableViewController.swift; sourceTree = "<group>"; };
		6E22E4401FB4B1B100BB3C3E /* libsqlite3.tbd */ = {isa = PBXFileReference; lastKnownFileType = "sourcecode.text-based-dylib-definition"; name = libsqlite3.tbd; path = usr/lib/libsqlite3.tbd; sourceTree = SDKROOT; };
		6E29B53E1FE424CB00B7245F /* Model 5.xcdatamodel */ = {isa = PBXFileReference; lastKnownFileType = wrapper.xcdatamodel; path = "Model 5.xcdatamodel"; sourceTree = "<group>"; };
		6E52C24A1FB983CD0097D6F9 /* Model 2.xcdatamodel */ = {isa = PBXFileReference; lastKnownFileType = wrapper.xcdatamodel; path = "Model 2.xcdatamodel"; sourceTree = "<group>"; };
		6E57E5B2206A991A0004A337 /* CompleteTaskViewController.swift */ = {isa = PBXFileReference; lastKnownFileType = sourcecode.swift; path = CompleteTaskViewController.swift; sourceTree = "<group>"; };
		6E698C86200529DD00C48722 /* AddMotorcycleMaintanceViewController.swift */ = {isa = PBXFileReference; lastKnownFileType = sourcecode.swift; path = AddMotorcycleMaintanceViewController.swift; sourceTree = "<group>"; };
		6E8BDCB72019B3B400882FD5 /* Model 6.xcdatamodel */ = {isa = PBXFileReference; lastKnownFileType = wrapper.xcdatamodel; path = "Model 6.xcdatamodel"; sourceTree = "<group>"; };
		6EAA90FF1FC9B66500454798 /* Model 4.xcdatamodel */ = {isa = PBXFileReference; lastKnownFileType = wrapper.xcdatamodel; path = "Model 4.xcdatamodel"; sourceTree = "<group>"; };
		6EC00B531FC35C6D000A555D /* MotorcycleMaintenanceTaskTableViewController.swift */ = {isa = PBXFileReference; lastKnownFileType = sourcecode.swift; path = MotorcycleMaintenanceTaskTableViewController.swift; sourceTree = "<group>"; };
		6EC0A7D91FC8720900A3CBFE /* CDImporter.swift */ = {isa = PBXFileReference; fileEncoding = 4; lastKnownFileType = sourcecode.swift; path = CDImporter.swift; sourceTree = "<group>"; };
		6EC0A7DB1FC889DA00A3CBFE /* CDOperation.swift */ = {isa = PBXFileReference; fileEncoding = 4; lastKnownFileType = sourcecode.swift; path = CDOperation.swift; sourceTree = "<group>"; };
		6EE0DEC7207A8C990090B844 /* CompleteTaskDelegate.swift */ = {isa = PBXFileReference; lastKnownFileType = sourcecode.swift; path = CompleteTaskDelegate.swift; sourceTree = "<group>"; };
		6EE842601FC89AC20025A8D6 /* DefaultData.sqlite */ = {isa = PBXFileReference; lastKnownFileType = file; path = DefaultData.sqlite; sourceTree = SOURCE_ROOT; };
		6EE842621FC89F640025A8D6 /* tasks.json */ = {isa = PBXFileReference; lastKnownFileType = text.json; path = tasks.json; sourceTree = "<group>"; };
		9B2360B7201CF7EF004A58A7 /* Model 7.xcdatamodel */ = {isa = PBXFileReference; lastKnownFileType = wrapper.xcdatamodel; path = "Model 7.xcdatamodel"; sourceTree = "<group>"; };
		9B40788F1F93BDC6006C3B70 /* MotorcycleMaitenance.app */ = {isa = PBXFileReference; explicitFileType = wrapper.application; includeInIndex = 0; path = MotorcycleMaitenance.app; sourceTree = BUILT_PRODUCTS_DIR; };
		9B4078921F93BDC6006C3B70 /* AppDelegate.swift */ = {isa = PBXFileReference; lastKnownFileType = sourcecode.swift; path = AppDelegate.swift; sourceTree = "<group>"; };
		9B4078941F93BDC6006C3B70 /* FirstViewController.swift */ = {isa = PBXFileReference; lastKnownFileType = sourcecode.swift; path = FirstViewController.swift; sourceTree = "<group>"; };
		9B4078961F93BDC6006C3B70 /* SecondViewController.swift */ = {isa = PBXFileReference; lastKnownFileType = sourcecode.swift; path = SecondViewController.swift; sourceTree = "<group>"; };
		9B4078991F93BDC6006C3B70 /* Base */ = {isa = PBXFileReference; lastKnownFileType = file.storyboard; name = Base; path = Base.lproj/Main.storyboard; sourceTree = "<group>"; };
		9B40789B1F93BDC6006C3B70 /* Assets.xcassets */ = {isa = PBXFileReference; lastKnownFileType = folder.assetcatalog; path = Assets.xcassets; sourceTree = "<group>"; };
		9B40789E1F93BDC6006C3B70 /* Base */ = {isa = PBXFileReference; lastKnownFileType = file.storyboard; name = Base; path = Base.lproj/LaunchScreen.storyboard; sourceTree = "<group>"; };
		9B4078A01F93BDC6006C3B70 /* Info.plist */ = {isa = PBXFileReference; lastKnownFileType = text.plist.xml; path = Info.plist; sourceTree = "<group>"; };
		9B4078A51F93BDC6006C3B70 /* MotorcycleMaitenanceTests.xctest */ = {isa = PBXFileReference; explicitFileType = wrapper.cfbundle; includeInIndex = 0; path = MotorcycleMaitenanceTests.xctest; sourceTree = BUILT_PRODUCTS_DIR; };
		9B4078A91F93BDC6006C3B70 /* MotorcycleMaitenanceTests.swift */ = {isa = PBXFileReference; lastKnownFileType = sourcecode.swift; path = MotorcycleMaitenanceTests.swift; sourceTree = "<group>"; };
		9B4078AB1F93BDC6006C3B70 /* Info.plist */ = {isa = PBXFileReference; lastKnownFileType = text.plist.xml; path = Info.plist; sourceTree = "<group>"; };
		9B4078B01F93BDC6006C3B70 /* MotorcycleMaitenanceUITests.xctest */ = {isa = PBXFileReference; explicitFileType = wrapper.cfbundle; includeInIndex = 0; path = MotorcycleMaitenanceUITests.xctest; sourceTree = BUILT_PRODUCTS_DIR; };
		9B4078B41F93BDC6006C3B70 /* MotorcycleMaitenanceUITests.swift */ = {isa = PBXFileReference; lastKnownFileType = sourcecode.swift; path = MotorcycleMaitenanceUITests.swift; sourceTree = "<group>"; };
		9B4078B61F93BDC6006C3B70 /* Info.plist */ = {isa = PBXFileReference; lastKnownFileType = text.plist.xml; path = Info.plist; sourceTree = "<group>"; };
		9B4078C31F93BDF4006C3B70 /* CoreData.framework */ = {isa = PBXFileReference; lastKnownFileType = wrapper.framework; name = CoreData.framework; path = System/Library/Frameworks/CoreData.framework; sourceTree = SDKROOT; };
		9B6EA2531FC9F0DE009AB1FA /* motorcycleTypes.json */ = {isa = PBXFileReference; lastKnownFileType = text.json; path = motorcycleTypes.json; sourceTree = "<group>"; };
		9B6EA2551FCADCF4009AB1FA /* motorcycles.json */ = {isa = PBXFileReference; lastKnownFileType = text.json; path = motorcycles.json; sourceTree = "<group>"; };
		9B6EA2571FCAE8F2009AB1FA /* motorcycleMaintenances.json */ = {isa = PBXFileReference; lastKnownFileType = text.json; path = motorcycleMaintenances.json; sourceTree = "<group>"; };
		9B6EA2591FCB3AB5009AB1FA /* motorcycleMaintenanceTasks.json */ = {isa = PBXFileReference; lastKnownFileType = text.json; path = motorcycleMaintenanceTasks.json; sourceTree = "<group>"; };
		9B6EA25B1FCB3BFC009AB1FA /* motorcycleTypeMaintenanceTasks.json */ = {isa = PBXFileReference; lastKnownFileType = text.json; path = motorcycleTypeMaintenanceTasks.json; sourceTree = "<group>"; };
		9BC8D7C51F93F0D800DA1989 /* Model.xcdatamodel */ = {isa = PBXFileReference; lastKnownFileType = wrapper.xcdatamodel; path = Model.xcdatamodel; sourceTree = "<group>"; };
		9BCA8E531FAE0B51000D8311 /* MotorcycleTableViewController.swift */ = {isa = PBXFileReference; fileEncoding = 4; lastKnownFileType = sourcecode.swift; path = MotorcycleTableViewController.swift; sourceTree = "<group>"; };
		9BCA8E551FAE0BAC000D8311 /* CDTableViewController.swift */ = {isa = PBXFileReference; fileEncoding = 4; lastKnownFileType = sourcecode.swift; path = CDTableViewController.swift; sourceTree = "<group>"; };
		9BCA8E581FAE0C60000D8311 /* CDHelper.swift */ = {isa = PBXFileReference; fileEncoding = 4; lastKnownFileType = sourcecode.swift; path = CDHelper.swift; sourceTree = "<group>"; };
		9BCA8E5A1FAE1A5F000D8311 /* CDMigration.swift */ = {isa = PBXFileReference; fileEncoding = 4; lastKnownFileType = sourcecode.swift; path = CDMigration.swift; sourceTree = "<group>"; };
		9BCA8E5C1FAE1B2F000D8311 /* MigrationVC.swift */ = {isa = PBXFileReference; fileEncoding = 4; lastKnownFileType = sourcecode.swift; path = MigrationVC.swift; sourceTree = "<group>"; };
/* End PBXFileReference section */

/* Begin PBXFrameworksBuildPhase section */
		9B40788C1F93BDC6006C3B70 /* Frameworks */ = {
			isa = PBXFrameworksBuildPhase;
			buildActionMask = 2147483647;
			files = (
				6E22E4411FB4B1B100BB3C3E /* libsqlite3.tbd in Frameworks */,
				9B4078C41F93BDF5006C3B70 /* CoreData.framework in Frameworks */,
			);
			runOnlyForDeploymentPostprocessing = 0;
		};
		9B4078A21F93BDC6006C3B70 /* Frameworks */ = {
			isa = PBXFrameworksBuildPhase;
			buildActionMask = 2147483647;
			files = (
			);
			runOnlyForDeploymentPostprocessing = 0;
		};
		9B4078AD1F93BDC6006C3B70 /* Frameworks */ = {
			isa = PBXFrameworksBuildPhase;
			buildActionMask = 2147483647;
			files = (
			);
			runOnlyForDeploymentPostprocessing = 0;
		};
/* End PBXFrameworksBuildPhase section */

/* Begin PBXGroup section */
		9B4078861F93BDC6006C3B70 = {
			isa = PBXGroup;
			children = (
				9B4078911F93BDC6006C3B70 /* MotorcycleMaitenance */,
				9B4078A81F93BDC6006C3B70 /* MotorcycleMaitenanceTests */,
				9B4078B31F93BDC6006C3B70 /* MotorcycleMaitenanceUITests */,
				9B4078901F93BDC6006C3B70 /* Products */,
				9B4078C21F93BDF4006C3B70 /* Frameworks */,
			);
			sourceTree = "<group>";
		};
		9B4078901F93BDC6006C3B70 /* Products */ = {
			isa = PBXGroup;
			children = (
				9B40788F1F93BDC6006C3B70 /* MotorcycleMaitenance.app */,
				9B4078A51F93BDC6006C3B70 /* MotorcycleMaitenanceTests.xctest */,
				9B4078B01F93BDC6006C3B70 /* MotorcycleMaitenanceUITests.xctest */,
			);
			name = Products;
			sourceTree = "<group>";
		};
		9B4078911F93BDC6006C3B70 /* MotorcycleMaitenance */ = {
			isa = PBXGroup;
			children = (
				6EE842601FC89AC20025A8D6 /* DefaultData.sqlite */,
				9BCA8E571FAE0C3D000D8311 /* data */,
				9BCA8E521FAE0AD4000D8311 /* viewcontrollers */,
				9B4078921F93BDC6006C3B70 /* AppDelegate.swift */,
				9B4078941F93BDC6006C3B70 /* FirstViewController.swift */,
				9B4078961F93BDC6006C3B70 /* SecondViewController.swift */,
				9B4078981F93BDC6006C3B70 /* Main.storyboard */,
				9B40789B1F93BDC6006C3B70 /* Assets.xcassets */,
				9B40789D1F93BDC6006C3B70 /* LaunchScreen.storyboard */,
				9B4078A01F93BDC6006C3B70 /* Info.plist */,
				9BC8D7C41F93F0D800DA1989 /* Model.xcdatamodeld */,
				6EE842621FC89F640025A8D6 /* tasks.json */,
				9B6EA2531FC9F0DE009AB1FA /* motorcycleTypes.json */,
				9B6EA2551FCADCF4009AB1FA /* motorcycles.json */,
				9B6EA2571FCAE8F2009AB1FA /* motorcycleMaintenances.json */,
				9B6EA2591FCB3AB5009AB1FA /* motorcycleMaintenanceTasks.json */,
				9B6EA25B1FCB3BFC009AB1FA /* motorcycleTypeMaintenanceTasks.json */,
				6EE0DEC7207A8C990090B844 /* CompleteTaskDelegate.swift */,
			);
			path = MotorcycleMaitenance;
			sourceTree = "<group>";
		};
		9B4078A81F93BDC6006C3B70 /* MotorcycleMaitenanceTests */ = {
			isa = PBXGroup;
			children = (
				9B4078A91F93BDC6006C3B70 /* MotorcycleMaitenanceTests.swift */,
				9B4078AB1F93BDC6006C3B70 /* Info.plist */,
			);
			path = MotorcycleMaitenanceTests;
			sourceTree = "<group>";
		};
		9B4078B31F93BDC6006C3B70 /* MotorcycleMaitenanceUITests */ = {
			isa = PBXGroup;
			children = (
				9B4078B41F93BDC6006C3B70 /* MotorcycleMaitenanceUITests.swift */,
				9B4078B61F93BDC6006C3B70 /* Info.plist */,
			);
			path = MotorcycleMaitenanceUITests;
			sourceTree = "<group>";
		};
		9B4078C21F93BDF4006C3B70 /* Frameworks */ = {
			isa = PBXGroup;
			children = (
				6E22E4401FB4B1B100BB3C3E /* libsqlite3.tbd */,
				9B4078C31F93BDF4006C3B70 /* CoreData.framework */,
			);
			name = Frameworks;
			sourceTree = "<group>";
		};
		9BCA8E521FAE0AD4000D8311 /* viewcontrollers */ = {
			isa = PBXGroup;
			children = (
				6E1A526D1FB893B100F9CAFC /* MotorcycleMaintenanceTableViewController.swift */,
				9BCA8E5C1FAE1B2F000D8311 /* MigrationVC.swift */,
				9BCA8E551FAE0BAC000D8311 /* CDTableViewController.swift */,
				9BCA8E531FAE0B51000D8311 /* MotorcycleTableViewController.swift */,
				6EC00B531FC35C6D000A555D /* MotorcycleMaintenanceTaskTableViewController.swift */,
				6E698C86200529DD00C48722 /* AddMotorcycleMaintanceViewController.swift */,
				6E57E5B2206A991A0004A337 /* CompleteTaskViewController.swift */,
			);
			path = viewcontrollers;
			sourceTree = "<group>";
		};
		9BCA8E571FAE0C3D000D8311 /* data */ = {
			isa = PBXGroup;
			children = (
				6EC0A7DB1FC889DA00A3CBFE /* CDOperation.swift */,
				6EC0A7D91FC8720900A3CBFE /* CDImporter.swift */,
				9BCA8E5A1FAE1A5F000D8311 /* CDMigration.swift */,
				9BCA8E581FAE0C60000D8311 /* CDHelper.swift */,
			);
			path = data;
			sourceTree = "<group>";
		};
/* End PBXGroup section */

/* Begin PBXNativeTarget section */
		9B40788E1F93BDC6006C3B70 /* MotorcycleMaitenance */ = {
			isa = PBXNativeTarget;
			buildConfigurationList = 9B4078B91F93BDC6006C3B70 /* Build configuration list for PBXNativeTarget "MotorcycleMaitenance" */;
			buildPhases = (
				9B40788B1F93BDC6006C3B70 /* Sources */,
				9B40788C1F93BDC6006C3B70 /* Frameworks */,
				9B40788D1F93BDC6006C3B70 /* Resources */,
			);
			buildRules = (
			);
			dependencies = (
			);
			name = MotorcycleMaitenance;
			productName = MotorcycleMaitenance;
			productReference = 9B40788F1F93BDC6006C3B70 /* MotorcycleMaitenance.app */;
			productType = "com.apple.product-type.application";
		};
		9B4078A41F93BDC6006C3B70 /* MotorcycleMaitenanceTests */ = {
			isa = PBXNativeTarget;
			buildConfigurationList = 9B4078BC1F93BDC6006C3B70 /* Build configuration list for PBXNativeTarget "MotorcycleMaitenanceTests" */;
			buildPhases = (
				9B4078A11F93BDC6006C3B70 /* Sources */,
				9B4078A21F93BDC6006C3B70 /* Frameworks */,
				9B4078A31F93BDC6006C3B70 /* Resources */,
			);
			buildRules = (
			);
			dependencies = (
				9B4078A71F93BDC6006C3B70 /* PBXTargetDependency */,
			);
			name = MotorcycleMaitenanceTests;
			productName = MotorcycleMaitenanceTests;
			productReference = 9B4078A51F93BDC6006C3B70 /* MotorcycleMaitenanceTests.xctest */;
			productType = "com.apple.product-type.bundle.unit-test";
		};
		9B4078AF1F93BDC6006C3B70 /* MotorcycleMaitenanceUITests */ = {
			isa = PBXNativeTarget;
			buildConfigurationList = 9B4078BF1F93BDC6006C3B70 /* Build configuration list for PBXNativeTarget "MotorcycleMaitenanceUITests" */;
			buildPhases = (
				9B4078AC1F93BDC6006C3B70 /* Sources */,
				9B4078AD1F93BDC6006C3B70 /* Frameworks */,
				9B4078AE1F93BDC6006C3B70 /* Resources */,
			);
			buildRules = (
			);
			dependencies = (
				9B4078B21F93BDC6006C3B70 /* PBXTargetDependency */,
			);
			name = MotorcycleMaitenanceUITests;
			productName = MotorcycleMaitenanceUITests;
			productReference = 9B4078B01F93BDC6006C3B70 /* MotorcycleMaitenanceUITests.xctest */;
			productType = "com.apple.product-type.bundle.ui-testing";
		};
/* End PBXNativeTarget section */

/* Begin PBXProject section */
		9B4078871F93BDC6006C3B70 /* Project object */ = {
			isa = PBXProject;
			attributes = {
				LastSwiftUpdateCheck = 0900;
				LastUpgradeCheck = 0900;
				ORGANIZATIONNAME = "Mark Reuvekamp";
				TargetAttributes = {
					9B40788E1F93BDC6006C3B70 = {
						CreatedOnToolsVersion = 9.0;
						ProvisioningStyle = Automatic;
					};
					9B4078A41F93BDC6006C3B70 = {
						CreatedOnToolsVersion = 9.0;
						ProvisioningStyle = Automatic;
						TestTargetID = 9B40788E1F93BDC6006C3B70;
					};
					9B4078AF1F93BDC6006C3B70 = {
						CreatedOnToolsVersion = 9.0;
						ProvisioningStyle = Automatic;
						TestTargetID = 9B40788E1F93BDC6006C3B70;
					};
				};
			};
			buildConfigurationList = 9B40788A1F93BDC6006C3B70 /* Build configuration list for PBXProject "MotorcycleMaitenance" */;
			compatibilityVersion = "Xcode 8.0";
			developmentRegion = en;
			hasScannedForEncodings = 0;
			knownRegions = (
				en,
				Base,
			);
			mainGroup = 9B4078861F93BDC6006C3B70;
			productRefGroup = 9B4078901F93BDC6006C3B70 /* Products */;
			projectDirPath = "";
			projectRoot = "";
			targets = (
				9B40788E1F93BDC6006C3B70 /* MotorcycleMaitenance */,
				9B4078A41F93BDC6006C3B70 /* MotorcycleMaitenanceTests */,
				9B4078AF1F93BDC6006C3B70 /* MotorcycleMaitenanceUITests */,
			);
		};
/* End PBXProject section */

/* Begin PBXResourcesBuildPhase section */
		9B40788D1F93BDC6006C3B70 /* Resources */ = {
			isa = PBXResourcesBuildPhase;
			buildActionMask = 2147483647;
			files = (
				9B40789F1F93BDC6006C3B70 /* LaunchScreen.storyboard in Resources */,
				6EE842611FC89AC20025A8D6 /* DefaultData.sqlite in Resources */,
				9B6EA2581FCAE8F2009AB1FA /* motorcycleMaintenances.json in Resources */,
				9B6EA2541FC9F0DE009AB1FA /* motorcycleTypes.json in Resources */,
				9B6EA25C1FCB3BFC009AB1FA /* motorcycleTypeMaintenanceTasks.json in Resources */,
				9B40789C1F93BDC6006C3B70 /* Assets.xcassets in Resources */,
				9B6EA25A1FCB3AB5009AB1FA /* motorcycleMaintenanceTasks.json in Resources */,
				9B6EA2561FCADCF4009AB1FA /* motorcycles.json in Resources */,
				9B40789A1F93BDC6006C3B70 /* Main.storyboard in Resources */,
				6EE842631FC89F640025A8D6 /* tasks.json in Resources */,
			);
			runOnlyForDeploymentPostprocessing = 0;
		};
		9B4078A31F93BDC6006C3B70 /* Resources */ = {
			isa = PBXResourcesBuildPhase;
			buildActionMask = 2147483647;
			files = (
			);
			runOnlyForDeploymentPostprocessing = 0;
		};
		9B4078AE1F93BDC6006C3B70 /* Resources */ = {
			isa = PBXResourcesBuildPhase;
			buildActionMask = 2147483647;
			files = (
			);
			runOnlyForDeploymentPostprocessing = 0;
		};
/* End PBXResourcesBuildPhase section */

/* Begin PBXSourcesBuildPhase section */
		9B40788B1F93BDC6006C3B70 /* Sources */ = {
			isa = PBXSourcesBuildPhase;
			buildActionMask = 2147483647;
			files = (
				9B4078971F93BDC6006C3B70 /* SecondViewController.swift in Sources */,
				9BCA8E541FAE0B51000D8311 /* MotorcycleTableViewController.swift in Sources */,
				6EC00B541FC35C6D000A555D /* MotorcycleMaintenanceTaskTableViewController.swift in Sources */,
				9BCA8E5D1FAE1B30000D8311 /* MigrationVC.swift in Sources */,
				9B4078931F93BDC6006C3B70 /* AppDelegate.swift in Sources */,
				9B4078951F93BDC6006C3B70 /* FirstViewController.swift in Sources */,
				9BCA8E561FAE0BAC000D8311 /* CDTableViewController.swift in Sources */,
				6E1A526E1FB893B100F9CAFC /* MotorcycleMaintenanceTableViewController.swift in Sources */,
				6E698C87200529DD00C48722 /* AddMotorcycleMaintanceViewController.swift in Sources */,
				6EC0A7DA1FC8720900A3CBFE /* CDImporter.swift in Sources */,
				9BCA8E5B1FAE1A5F000D8311 /* CDMigration.swift in Sources */,
				9BCA8E591FAE0C61000D8311 /* CDHelper.swift in Sources */,
				6EE0DEC8207A8C990090B844 /* CompleteTaskDelegate.swift in Sources */,
				9BC8D7C61F93F0D800DA1989 /* Model.xcdatamodeld in Sources */,
				6EC0A7DC1FC889DA00A3CBFE /* CDOperation.swift in Sources */,
				6E57E5B3206A991A0004A337 /* CompleteTaskViewController.swift in Sources */,
			);
			runOnlyForDeploymentPostprocessing = 0;
		};
		9B4078A11F93BDC6006C3B70 /* Sources */ = {
			isa = PBXSourcesBuildPhase;
			buildActionMask = 2147483647;
			files = (
				9B4078AA1F93BDC6006C3B70 /* MotorcycleMaitenanceTests.swift in Sources */,
			);
			runOnlyForDeploymentPostprocessing = 0;
		};
		9B4078AC1F93BDC6006C3B70 /* Sources */ = {
			isa = PBXSourcesBuildPhase;
			buildActionMask = 2147483647;
			files = (
				9B4078B51F93BDC6006C3B70 /* MotorcycleMaitenanceUITests.swift in Sources */,
			);
			runOnlyForDeploymentPostprocessing = 0;
		};
/* End PBXSourcesBuildPhase section */

/* Begin PBXTargetDependency section */
		9B4078A71F93BDC6006C3B70 /* PBXTargetDependency */ = {
			isa = PBXTargetDependency;
			target = 9B40788E1F93BDC6006C3B70 /* MotorcycleMaitenance */;
			targetProxy = 9B4078A61F93BDC6006C3B70 /* PBXContainerItemProxy */;
		};
		9B4078B21F93BDC6006C3B70 /* PBXTargetDependency */ = {
			isa = PBXTargetDependency;
			target = 9B40788E1F93BDC6006C3B70 /* MotorcycleMaitenance */;
			targetProxy = 9B4078B11F93BDC6006C3B70 /* PBXContainerItemProxy */;
		};
/* End PBXTargetDependency section */

/* Begin PBXVariantGroup section */
		9B4078981F93BDC6006C3B70 /* Main.storyboard */ = {
			isa = PBXVariantGroup;
			children = (
				9B4078991F93BDC6006C3B70 /* Base */,
			);
			name = Main.storyboard;
			sourceTree = "<group>";
		};
		9B40789D1F93BDC6006C3B70 /* LaunchScreen.storyboard */ = {
			isa = PBXVariantGroup;
			children = (
				9B40789E1F93BDC6006C3B70 /* Base */,
			);
			name = LaunchScreen.storyboard;
			sourceTree = "<group>";
		};
/* End PBXVariantGroup section */

/* Begin XCBuildConfiguration section */
		9B4078B71F93BDC6006C3B70 /* Debug */ = {
			isa = XCBuildConfiguration;
			buildSettings = {
				ALWAYS_SEARCH_USER_PATHS = NO;
				CLANG_ANALYZER_NONNULL = YES;
				CLANG_ANALYZER_NUMBER_OBJECT_CONVERSION = YES_AGGRESSIVE;
				CLANG_CXX_LANGUAGE_STANDARD = "gnu++14";
				CLANG_CXX_LIBRARY = "libc++";
				CLANG_ENABLE_MODULES = YES;
				CLANG_ENABLE_OBJC_ARC = YES;
				CLANG_WARN_BLOCK_CAPTURE_AUTORELEASING = YES;
				CLANG_WARN_BOOL_CONVERSION = YES;
				CLANG_WARN_COMMA = YES;
				CLANG_WARN_CONSTANT_CONVERSION = YES;
				CLANG_WARN_DIRECT_OBJC_ISA_USAGE = YES_ERROR;
				CLANG_WARN_DOCUMENTATION_COMMENTS = YES;
				CLANG_WARN_EMPTY_BODY = YES;
				CLANG_WARN_ENUM_CONVERSION = YES;
				CLANG_WARN_INFINITE_RECURSION = YES;
				CLANG_WARN_INT_CONVERSION = YES;
				CLANG_WARN_NON_LITERAL_NULL_CONVERSION = YES;
				CLANG_WARN_OBJC_LITERAL_CONVERSION = YES;
				CLANG_WARN_OBJC_ROOT_CLASS = YES_ERROR;
				CLANG_WARN_RANGE_LOOP_ANALYSIS = YES;
				CLANG_WARN_STRICT_PROTOTYPES = YES;
				CLANG_WARN_SUSPICIOUS_MOVE = YES;
				CLANG_WARN_UNGUARDED_AVAILABILITY = YES_AGGRESSIVE;
				CLANG_WARN_UNREACHABLE_CODE = YES;
				CLANG_WARN__DUPLICATE_METHOD_MATCH = YES;
				CODE_SIGN_IDENTITY = "iPhone Developer";
				COPY_PHASE_STRIP = NO;
				DEBUG_INFORMATION_FORMAT = dwarf;
				ENABLE_STRICT_OBJC_MSGSEND = YES;
				ENABLE_TESTABILITY = YES;
				GCC_C_LANGUAGE_STANDARD = gnu11;
				GCC_DYNAMIC_NO_PIC = NO;
				GCC_NO_COMMON_BLOCKS = YES;
				GCC_OPTIMIZATION_LEVEL = 0;
				GCC_PREPROCESSOR_DEFINITIONS = (
					"DEBUG=1",
					"$(inherited)",
				);
				GCC_WARN_64_TO_32_BIT_CONVERSION = YES;
				GCC_WARN_ABOUT_RETURN_TYPE = YES_ERROR;
				GCC_WARN_UNDECLARED_SELECTOR = YES;
				GCC_WARN_UNINITIALIZED_AUTOS = YES_AGGRESSIVE;
				GCC_WARN_UNUSED_FUNCTION = YES;
				GCC_WARN_UNUSED_VARIABLE = YES;
				IPHONEOS_DEPLOYMENT_TARGET = 11.0;
				MTL_ENABLE_DEBUG_INFO = YES;
				ONLY_ACTIVE_ARCH = YES;
				SDKROOT = iphoneos;
				SWIFT_ACTIVE_COMPILATION_CONDITIONS = DEBUG;
				SWIFT_OPTIMIZATION_LEVEL = "-Onone";
			};
			name = Debug;
		};
		9B4078B81F93BDC6006C3B70 /* Release */ = {
			isa = XCBuildConfiguration;
			buildSettings = {
				ALWAYS_SEARCH_USER_PATHS = NO;
				CLANG_ANALYZER_NONNULL = YES;
				CLANG_ANALYZER_NUMBER_OBJECT_CONVERSION = YES_AGGRESSIVE;
				CLANG_CXX_LANGUAGE_STANDARD = "gnu++14";
				CLANG_CXX_LIBRARY = "libc++";
				CLANG_ENABLE_MODULES = YES;
				CLANG_ENABLE_OBJC_ARC = YES;
				CLANG_WARN_BLOCK_CAPTURE_AUTORELEASING = YES;
				CLANG_WARN_BOOL_CONVERSION = YES;
				CLANG_WARN_COMMA = YES;
				CLANG_WARN_CONSTANT_CONVERSION = YES;
				CLANG_WARN_DIRECT_OBJC_ISA_USAGE = YES_ERROR;
				CLANG_WARN_DOCUMENTATION_COMMENTS = YES;
				CLANG_WARN_EMPTY_BODY = YES;
				CLANG_WARN_ENUM_CONVERSION = YES;
				CLANG_WARN_INFINITE_RECURSION = YES;
				CLANG_WARN_INT_CONVERSION = YES;
				CLANG_WARN_NON_LITERAL_NULL_CONVERSION = YES;
				CLANG_WARN_OBJC_LITERAL_CONVERSION = YES;
				CLANG_WARN_OBJC_ROOT_CLASS = YES_ERROR;
				CLANG_WARN_RANGE_LOOP_ANALYSIS = YES;
				CLANG_WARN_STRICT_PROTOTYPES = YES;
				CLANG_WARN_SUSPICIOUS_MOVE = YES;
				CLANG_WARN_UNGUARDED_AVAILABILITY = YES_AGGRESSIVE;
				CLANG_WARN_UNREACHABLE_CODE = YES;
				CLANG_WARN__DUPLICATE_METHOD_MATCH = YES;
				CODE_SIGN_IDENTITY = "iPhone Developer";
				COPY_PHASE_STRIP = NO;
				DEBUG_INFORMATION_FORMAT = "dwarf-with-dsym";
				ENABLE_NS_ASSERTIONS = NO;
				ENABLE_STRICT_OBJC_MSGSEND = YES;
				GCC_C_LANGUAGE_STANDARD = gnu11;
				GCC_NO_COMMON_BLOCKS = YES;
				GCC_WARN_64_TO_32_BIT_CONVERSION = YES;
				GCC_WARN_ABOUT_RETURN_TYPE = YES_ERROR;
				GCC_WARN_UNDECLARED_SELECTOR = YES;
				GCC_WARN_UNINITIALIZED_AUTOS = YES_AGGRESSIVE;
				GCC_WARN_UNUSED_FUNCTION = YES;
				GCC_WARN_UNUSED_VARIABLE = YES;
				IPHONEOS_DEPLOYMENT_TARGET = 11.0;
				MTL_ENABLE_DEBUG_INFO = NO;
				SDKROOT = iphoneos;
				SWIFT_OPTIMIZATION_LEVEL = "-Owholemodule";
				VALIDATE_PRODUCT = YES;
			};
			name = Release;
		};
		9B4078BA1F93BDC6006C3B70 /* Debug */ = {
			isa = XCBuildConfiguration;
			buildSettings = {
				ASSETCATALOG_COMPILER_APPICON_NAME = AppIcon;
				CODE_SIGN_STYLE = Automatic;
				DEVELOPMENT_TEAM = 4B56542596;
				INFOPLIST_FILE = MotorcycleMaitenance/Info.plist;
				LD_RUNPATH_SEARCH_PATHS = "$(inherited) @executable_path/Frameworks";
				PRODUCT_BUNDLE_IDENTIFIER = net.opfietse.MotorcycleMaitenance;
				PRODUCT_NAME = "$(TARGET_NAME)";
				SWIFT_VERSION = 4.0;
				TARGETED_DEVICE_FAMILY = 2;
			};
			name = Debug;
		};
		9B4078BB1F93BDC6006C3B70 /* Release */ = {
			isa = XCBuildConfiguration;
			buildSettings = {
				ASSETCATALOG_COMPILER_APPICON_NAME = AppIcon;
				CODE_SIGN_STYLE = Automatic;
				DEVELOPMENT_TEAM = 4B56542596;
				INFOPLIST_FILE = MotorcycleMaitenance/Info.plist;
				LD_RUNPATH_SEARCH_PATHS = "$(inherited) @executable_path/Frameworks";
				PRODUCT_BUNDLE_IDENTIFIER = net.opfietse.MotorcycleMaitenance;
				PRODUCT_NAME = "$(TARGET_NAME)";
				SWIFT_VERSION = 4.0;
				TARGETED_DEVICE_FAMILY = 2;
			};
			name = Release;
		};
		9B4078BD1F93BDC6006C3B70 /* Debug */ = {
			isa = XCBuildConfiguration;
			buildSettings = {
				ALWAYS_EMBED_SWIFT_STANDARD_LIBRARIES = YES;
				BUNDLE_LOADER = "$(TEST_HOST)";
				CODE_SIGN_STYLE = Automatic;
				DEVELOPMENT_TEAM = 4B56542596;
				INFOPLIST_FILE = MotorcycleMaitenanceTests/Info.plist;
				LD_RUNPATH_SEARCH_PATHS = "$(inherited) @executable_path/Frameworks @loader_path/Frameworks";
				PRODUCT_BUNDLE_IDENTIFIER = net.opfietse.MotorcycleMaitenanceTests;
				PRODUCT_NAME = "$(TARGET_NAME)";
				SWIFT_VERSION = 4.0;
				TARGETED_DEVICE_FAMILY = "1,2";
				TEST_HOST = "$(BUILT_PRODUCTS_DIR)/MotorcycleMaitenance.app/MotorcycleMaitenance";
			};
			name = Debug;
		};
		9B4078BE1F93BDC6006C3B70 /* Release */ = {
			isa = XCBuildConfiguration;
			buildSettings = {
				ALWAYS_EMBED_SWIFT_STANDARD_LIBRARIES = YES;
				BUNDLE_LOADER = "$(TEST_HOST)";
				CODE_SIGN_STYLE = Automatic;
				DEVELOPMENT_TEAM = 4B56542596;
				INFOPLIST_FILE = MotorcycleMaitenanceTests/Info.plist;
				LD_RUNPATH_SEARCH_PATHS = "$(inherited) @executable_path/Frameworks @loader_path/Frameworks";
				PRODUCT_BUNDLE_IDENTIFIER = net.opfietse.MotorcycleMaitenanceTests;
				PRODUCT_NAME = "$(TARGET_NAME)";
				SWIFT_VERSION = 4.0;
				TARGETED_DEVICE_FAMILY = "1,2";
				TEST_HOST = "$(BUILT_PRODUCTS_DIR)/MotorcycleMaitenance.app/MotorcycleMaitenance";
			};
			name = Release;
		};
		9B4078C01F93BDC6006C3B70 /* Debug */ = {
			isa = XCBuildConfiguration;
			buildSettings = {
				ALWAYS_EMBED_SWIFT_STANDARD_LIBRARIES = YES;
				CODE_SIGN_STYLE = Automatic;
				DEVELOPMENT_TEAM = 4B56542596;
				INFOPLIST_FILE = MotorcycleMaitenanceUITests/Info.plist;
				LD_RUNPATH_SEARCH_PATHS = "$(inherited) @executable_path/Frameworks @loader_path/Frameworks";
				PRODUCT_BUNDLE_IDENTIFIER = net.opfietse.MotorcycleMaitenanceUITests;
				PRODUCT_NAME = "$(TARGET_NAME)";
				SWIFT_VERSION = 4.0;
				TARGETED_DEVICE_FAMILY = "1,2";
				TEST_TARGET_NAME = MotorcycleMaitenance;
			};
			name = Debug;
		};
		9B4078C11F93BDC6006C3B70 /* Release */ = {
			isa = XCBuildConfiguration;
			buildSettings = {
				ALWAYS_EMBED_SWIFT_STANDARD_LIBRARIES = YES;
				CODE_SIGN_STYLE = Automatic;
				DEVELOPMENT_TEAM = 4B56542596;
				INFOPLIST_FILE = MotorcycleMaitenanceUITests/Info.plist;
				LD_RUNPATH_SEARCH_PATHS = "$(inherited) @executable_path/Frameworks @loader_path/Frameworks";
				PRODUCT_BUNDLE_IDENTIFIER = net.opfietse.MotorcycleMaitenanceUITests;
				PRODUCT_NAME = "$(TARGET_NAME)";
				SWIFT_VERSION = 4.0;
				TARGETED_DEVICE_FAMILY = "1,2";
				TEST_TARGET_NAME = MotorcycleMaitenance;
			};
			name = Release;
		};
/* End XCBuildConfiguration section */

/* Begin XCConfigurationList section */
		9B40788A1F93BDC6006C3B70 /* Build configuration list for PBXProject "MotorcycleMaitenance" */ = {
			isa = XCConfigurationList;
			buildConfigurations = (
				9B4078B71F93BDC6006C3B70 /* Debug */,
				9B4078B81F93BDC6006C3B70 /* Release */,
			);
			defaultConfigurationIsVisible = 0;
			defaultConfigurationName = Release;
		};
		9B4078B91F93BDC6006C3B70 /* Build configuration list for PBXNativeTarget "MotorcycleMaitenance" */ = {
			isa = XCConfigurationList;
			buildConfigurations = (
				9B4078BA1F93BDC6006C3B70 /* Debug */,
				9B4078BB1F93BDC6006C3B70 /* Release */,
			);
			defaultConfigurationIsVisible = 0;
			defaultConfigurationName = Release;
		};
		9B4078BC1F93BDC6006C3B70 /* Build configuration list for PBXNativeTarget "MotorcycleMaitenanceTests" */ = {
			isa = XCConfigurationList;
			buildConfigurations = (
				9B4078BD1F93BDC6006C3B70 /* Debug */,
				9B4078BE1F93BDC6006C3B70 /* Release */,
			);
			defaultConfigurationIsVisible = 0;
			defaultConfigurationName = Release;
		};
		9B4078BF1F93BDC6006C3B70 /* Build configuration list for PBXNativeTarget "MotorcycleMaitenanceUITests" */ = {
			isa = XCConfigurationList;
			buildConfigurations = (
				9B4078C01F93BDC6006C3B70 /* Debug */,
				9B4078C11F93BDC6006C3B70 /* Release */,
			);
			defaultConfigurationIsVisible = 0;
			defaultConfigurationName = Release;
		};
/* End XCConfigurationList section */

/* Begin XCVersionGroup section */
		9BC8D7C41F93F0D800DA1989 /* Model.xcdatamodeld */ = {
			isa = XCVersionGroup;
			children = (
				9B2360B7201CF7EF004A58A7 /* Model 7.xcdatamodel */,
				6E8BDCB72019B3B400882FD5 /* Model 6.xcdatamodel */,
				6E29B53E1FE424CB00B7245F /* Model 5.xcdatamodel */,
				6EAA90FF1FC9B66500454798 /* Model 4.xcdatamodel */,
				6E07CC971FC7258E009C3913 /* Model 3.xcdatamodel */,
				6E52C24A1FB983CD0097D6F9 /* Model 2.xcdatamodel */,
				9BC8D7C51F93F0D800DA1989 /* Model.xcdatamodel */,
			);
			currentVersion = 9B2360B7201CF7EF004A58A7 /* Model 7.xcdatamodel */;
			path = Model.xcdatamodeld;
			sourceTree = "<group>";
			versionGroupType = wrapper.xcdatamodel;
		};
/* End XCVersionGroup section */
	};
	rootObject = 9B4078871F93BDC6006C3B70 /* Project object */;
}
